
Microsoft Visual Studio Solution File, Format Version 12.00
# Visual Studio Version 16
VisualStudioVersion = 16.0.30309.148
MinimumVisualStudioVersion = 10.0.40219.1
Project("{FAE04EC0-301F-11D3-BF4B-00C04F79EFBC}") = "WorkerService1", "WorkerService1\WorkerService1.csproj", "{BD634BC0-2823-4694-A5DB-569D81E14044}"
EndProject
Global
	GlobalSection(SolutionConfigurationPlatforms) = preSolution
		Debug|Any CPU = Debug|Any CPU
		Release|Any CPU = Release|Any CPU
	EndGlobalSection
	GlobalSection(ProjectConfigurationPlatforms) = postSolution
		{BD634BC0-2823-4694-A5DB-569D81E14044}.Debug|Any CPU.ActiveCfg = Debug|Any CPU
		{BD634BC0-2823-4694-A5DB-569D81E14044}.Debug|Any CPU.Build.0 = Debug|Any CPU
		{BD634BC0-2823-4694-A5DB-569D81E14044}.Release|Any CPU.ActiveCfg = Release|Any CPU
		{BD634BC0-2823-4694-A5DB-569D81E14044}.Release|Any CPU.Build.0 = Release|Any CPU
	EndGlobalSection
	GlobalSection(SolutionProperties) = preSolution
		HideSolutionNode = FALSE
	EndGlobalSection
	GlobalSection(ExtensibilityGlobals) = postSolution
		SolutionGuid = {EEEA0A76-04DE-4510-B9A5-531A04964953}
	EndGlobalSection
EndGlobal
